
Microsoft Visual Studio Solution File, Format Version 12.00
# Visual Studio Version 17
VisualStudioVersion = 17.7.34202.233
MinimumVisualStudioVersion = 10.0.40219.1
Project("{FAE04EC0-301F-11D3-BF4B-00C04F79EFBC}") = "02.02_Gorbunov_13Bilet", "02.02_Gorbunov_13Bilet.csproj", "{75643AC4-368B-4055-B42C-B9204FE9B917}"
EndProject
Project("{FAE04EC0-301F-11D3-BF4B-00C04F79EFBC}") = "UnitTestProject2", "..\UnitTestProject2\UnitTestProject2.csproj", "{39FFBB24-06CD-4216-AC48-4D729B277C1C}"
EndProject
Global
	GlobalSection(SolutionConfigurationPlatforms) = preSolution
		Debug|Any CPU = Debug|Any CPU
		Release|Any CPU = Release|Any CPU
	EndGlobalSection
	GlobalSection(ProjectConfigurationPlatforms) = postSolution
		{75643AC4-368B-4055-B42C-B9204FE9B917}.Debug|Any CPU.ActiveCfg = Debug|Any CPU
		{75643AC4-368B-4055-B42C-B9204FE9B917}.Debug|Any CPU.Build.0 = Debug|Any CPU
		{75643AC4-368B-4055-B42C-B9204FE9B917}.Release|Any CPU.ActiveCfg = Release|Any CPU
		{75643AC4-368B-4055-B42C-B9204FE9B917}.Release|Any CPU.Build.0 = Release|Any CPU
		{39FFBB24-06CD-4216-AC48-4D729B277C1C}.Debug|Any CPU.ActiveCfg = Debug|Any CPU
		{39FFBB24-06CD-4216-AC48-4D729B277C1C}.Debug|Any CPU.Build.0 = Debug|Any CPU
		{39FFBB24-06CD-4216-AC48-4D729B277C1C}.Release|Any CPU.ActiveCfg = Release|Any CPU
		{39FFBB24-06CD-4216-AC48-4D729B277C1C}.Release|Any CPU.Build.0 = Release|Any CPU
	EndGlobalSection
	GlobalSection(SolutionProperties) = preSolution
		HideSolutionNode = FALSE
	EndGlobalSection
	GlobalSection(ExtensibilityGlobals) = postSolution
		SolutionGuid = {D7CFB547-9880-403F-90FA-13A6116F9557}
	EndGlobalSection
EndGlobal
